
Microsoft Visual Studio Solution File, Format Version 12.00
# Visual Studio Version 17
VisualStudioVersion = 17.14.36414.22
MinimumVisualStudioVersion = 10.0.40219.1
Project("{FAE04EC0-301F-11D3-BF4B-00C04F79EFBC}") = "PL", "Movie Streamer Platform\PL.csproj", "{FDACBF1B-06A5-443E-B09B-6834EAFABE3D}"
EndProject
Project("{FAE04EC0-301F-11D3-BF4B-00C04F79EFBC}") = "Core", "Core\Core.csproj", "{B9A455EA-1DFB-462C-8A40-13C5A61DE764}"
EndProject
Project("{FAE04EC0-301F-11D3-BF4B-00C04F79EFBC}") = "Infrastructure", "Infrastructure\Infrastructure.csproj", "{8E4BF7FD-46A0-4610-97C3-B8DF6490D212}"
EndProject
Project("{FAE04EC0-301F-11D3-BF4B-00C04F79EFBC}") = "Application", "Application\Application.csproj", "{DE8A6F8D-1FE4-43D6-9ECE-D20F2A468AA1}"
EndProject
Global
	GlobalSection(SolutionConfigurationPlatforms) = preSolution
		Debug|Any CPU = Debug|Any CPU
		Release|Any CPU = Release|Any CPU
	EndGlobalSection
	GlobalSection(ProjectConfigurationPlatforms) = postSolution
		{FDACBF1B-06A5-443E-B09B-6834EAFABE3D}.Debug|Any CPU.ActiveCfg = Debug|Any CPU
		{FDACBF1B-06A5-443E-B09B-6834EAFABE3D}.Debug|Any CPU.Build.0 = Debug|Any CPU
		{FDACBF1B-06A5-443E-B09B-6834EAFABE3D}.Release|Any CPU.ActiveCfg = Release|Any CPU
		{FDACBF1B-06A5-443E-B09B-6834EAFABE3D}.Release|Any CPU.Build.0 = Release|Any CPU
		{B9A455EA-1DFB-462C-8A40-13C5A61DE764}.Debug|Any CPU.ActiveCfg = Debug|Any CPU
		{B9A455EA-1DFB-462C-8A40-13C5A61DE764}.Debug|Any CPU.Build.0 = Debug|Any CPU
		{B9A455EA-1DFB-462C-8A40-13C5A61DE764}.Release|Any CPU.ActiveCfg = Release|Any CPU
		{B9A455EA-1DFB-462C-8A40-13C5A61DE764}.Release|Any CPU.Build.0 = Release|Any CPU
		{8E4BF7FD-46A0-4610-97C3-B8DF6490D212}.Debug|Any CPU.ActiveCfg = Debug|Any CPU
		{8E4BF7FD-46A0-4610-97C3-B8DF6490D212}.Debug|Any CPU.Build.0 = Debug|Any CPU
		{8E4BF7FD-46A0-4610-97C3-B8DF6490D212}.Release|Any CPU.ActiveCfg = Release|Any CPU
		{8E4BF7FD-46A0-4610-97C3-B8DF6490D212}.Release|Any CPU.Build.0 = Release|Any CPU
		{DE8A6F8D-1FE4-43D6-9ECE-D20F2A468AA1}.Debug|Any CPU.ActiveCfg = Debug|Any CPU
		{DE8A6F8D-1FE4-43D6-9ECE-D20F2A468AA1}.Debug|Any CPU.Build.0 = Debug|Any CPU
		{DE8A6F8D-1FE4-43D6-9ECE-D20F2A468AA1}.Release|Any CPU.ActiveCfg = Release|Any CPU
		{DE8A6F8D-1FE4-43D6-9ECE-D20F2A468AA1}.Release|Any CPU.Build.0 = Release|Any CPU
	EndGlobalSection
	GlobalSection(SolutionProperties) = preSolution
		HideSolutionNode = FALSE
	EndGlobalSection
	GlobalSection(ExtensibilityGlobals) = postSolution
		SolutionGuid = {525A871B-54C6-4F57-A851-781DB846605C}
	EndGlobalSection
EndGlobal
